// !$*UTF8*$!
{
	archiveVersion = 1;
	classes = {
	};
	objectVersion = 51;
	objects = {

/* Begin PBXBuildFile section */
		5B67CD80B547AA83FF18E9B6 /* Pods_LainChat.framework in Frameworks */ = {isa = PBXBuildFile; fileRef = 95D9DD9F0002B0138F5F1A89 /* Pods_LainChat.framework */; };
		9019415125E30DC500BD9988 /* SignUpViewController.swift in Sources */ = {isa = PBXBuildFile; fileRef = 9019415025E30DC500BD9988 /* SignUpViewController.swift */; };
		9021174525E1549800557E05 /* ChatRoom.storyboard in Resources */ = {isa = PBXBuildFile; fileRef = 9021174425E1549800557E05 /* ChatRoom.storyboard */; };
		9021174A25E1554C00557E05 /* ChatRoomViewControllers.swift in Sources */ = {isa = PBXBuildFile; fileRef = 9021174925E1554C00557E05 /* ChatRoomViewControllers.swift */; };
		9021174F25E15B3D00557E05 /* ChatRoomTableViewCell.xib in Resources */ = {isa = PBXBuildFile; fileRef = 9021174E25E15B3D00557E05 /* ChatRoomTableViewCell.xib */; };
		9021175725E15D8700557E05 /* ChatRoomTableViewCell.swift in Sources */ = {isa = PBXBuildFile; fileRef = 9021175625E15D8700557E05 /* ChatRoomTableViewCell.swift */; };
		9021176425E21A7C00557E05 /* ChatInputAccessoryView.xib in Resources */ = {isa = PBXBuildFile; fileRef = 9021176325E21A7C00557E05 /* ChatInputAccessoryView.xib */; };
		9021176F25E21C8200557E05 /* ChatInputAccessoryView.swift in Sources */ = {isa = PBXBuildFile; fileRef = 9021176E25E21C8200557E05 /* ChatInputAccessoryView.swift */; };
		9029147225F03240002666B4 /* ChatRoom.swift in Sources */ = {isa = PBXBuildFile; fileRef = 9029147125F03240002666B4 /* ChatRoom.swift */; };
		9031495025E306210091A6E6 /* SignUp.storyboard in Resources */ = {isa = PBXBuildFile; fileRef = 9031494F25E306210091A6E6 /* SignUp.storyboard */; };
		9031A43725ED9BB4007E5CB9 /* TopViewController.swift in Sources */ = {isa = PBXBuildFile; fileRef = 9031A43625ED9BB4007E5CB9 /* TopViewController.swift */; };
		9035660025DDBFDA00513BDD /* AppDelegate.swift in Sources */ = {isa = PBXBuildFile; fileRef = 903565FF25DDBFDA00513BDD /* AppDelegate.swift */; };
		9035660225DDBFDA00513BDD /* SceneDelegate.swift in Sources */ = {isa = PBXBuildFile; fileRef = 9035660125DDBFDA00513BDD /* SceneDelegate.swift */; };
		9035660925DDBFDA00513BDD /* Assets.xcassets in Resources */ = {isa = PBXBuildFile; fileRef = 9035660825DDBFDA00513BDD /* Assets.xcassets */; };
		9035660C25DDBFDA00513BDD /* LaunchScreen.storyboard in Resources */ = {isa = PBXBuildFile; fileRef = 9035660A25DDBFDA00513BDD /* LaunchScreen.storyboard */; };
		9035661725DDBFDA00513BDD /* LainChatTests.swift in Sources */ = {isa = PBXBuildFile; fileRef = 9035661625DDBFDA00513BDD /* LainChatTests.swift */; };
		9035662225DDBFDA00513BDD /* LainChatUITests.swift in Sources */ = {isa = PBXBuildFile; fileRef = 9035662125DDBFDA00513BDD /* LainChatUITests.swift */; };
		9035663325DDC06E00513BDD /* ChatList.storyboard in Resources */ = {isa = PBXBuildFile; fileRef = 9035663225DDC06E00513BDD /* ChatList.storyboard */; };
		9035663B25DDC1A700513BDD /* ChatListViewController.swift in Sources */ = {isa = PBXBuildFile; fileRef = 9035663A25DDC1A700513BDD /* ChatListViewController.swift */; };
		9069501E25E855FF001B0D39 /* User.swift in Sources */ = {isa = PBXBuildFile; fileRef = 9069501D25E855FF001B0D39 /* User.swift */; };
		9076120A25F93A52008CDF99 /* Top.storyboard in Resources */ = {isa = PBXBuildFile; fileRef = 9076120925F93A52008CDF99 /* Top.storyboard */; };
		90A6F5C625F3524800B4CBFA /* MyStyle.swift in Sources */ = {isa = PBXBuildFile; fileRef = 90A6F5C525F3524800B4CBFA /* MyStyle.swift */; };
		90CE789925E2727000F6B1E3 /* GoogleService-Info.plist in Resources */ = {isa = PBXBuildFile; fileRef = 90CE789825E2727000F6B1E3 /* GoogleService-Info.plist */; };
		90E295A325EAEA2D003E0BF4 /* Message.swift in Sources */ = {isa = PBXBuildFile; fileRef = 90E295A225EAEA2D003E0BF4 /* Message.swift */; };
		9548B3A51633BA36395C5D7E /* Pods_LainChatTests.framework in Frameworks */ = {isa = PBXBuildFile; fileRef = 6989FA8D6E2D76E373373C19 /* Pods_LainChatTests.framework */; };
		EF875554DCCD5BA9CE4F7D91 /* Pods_LainChat_LainChatUITests.framework in Frameworks */ = {isa = PBXBuildFile; fileRef = 5CA16E9A9E0974370CEA4509 /* Pods_LainChat_LainChatUITests.framework */; };
/* End PBXBuildFile section */

/* Begin PBXContainerItemProxy section */
		9035661325DDBFDA00513BDD /* PBXContainerItemProxy */ = {
			isa = PBXContainerItemProxy;
			containerPortal = 903565F425DDBFDA00513BDD /* Project object */;
			proxyType = 1;
			remoteGlobalIDString = 903565FB25DDBFDA00513BDD;
			remoteInfo = LainChat;
		};
		9035661E25DDBFDA00513BDD /* PBXContainerItemProxy */ = {
			isa = PBXContainerItemProxy;
			containerPortal = 903565F425DDBFDA00513BDD /* Project object */;
			proxyType = 1;
			remoteGlobalIDString = 903565FB25DDBFDA00513BDD;
			remoteInfo = LainChat;
		};
/* End PBXContainerItemProxy section */

/* Begin PBXFileReference section */
		1A02D5EF81DA838AF51A4424 /* Pods-LainChat-LainChatUITests.release.xcconfig */ = {isa = PBXFileReference; includeInIndex = 1; lastKnownFileType = text.xcconfig; name = "Pods-LainChat-LainChatUITests.release.xcconfig"; path = "Target Support Files/Pods-LainChat-LainChatUITests/Pods-LainChat-LainChatUITests.release.xcconfig"; sourceTree = "<group>"; };
		413B9E90197D922A7E8FD02A /* Pods-LainChatTests.release.xcconfig */ = {isa = PBXFileReference; includeInIndex = 1; lastKnownFileType = text.xcconfig; name = "Pods-LainChatTests.release.xcconfig"; path = "Target Support Files/Pods-LainChatTests/Pods-LainChatTests.release.xcconfig"; sourceTree = "<group>"; };
		5CA16E9A9E0974370CEA4509 /* Pods_LainChat_LainChatUITests.framework */ = {isa = PBXFileReference; explicitFileType = wrapper.framework; includeInIndex = 0; path = Pods_LainChat_LainChatUITests.framework; sourceTree = BUILT_PRODUCTS_DIR; };
		6989FA8D6E2D76E373373C19 /* Pods_LainChatTests.framework */ = {isa = PBXFileReference; explicitFileType = wrapper.framework; includeInIndex = 0; path = Pods_LainChatTests.framework; sourceTree = BUILT_PRODUCTS_DIR; };
		9019415025E30DC500BD9988 /* SignUpViewController.swift */ = {isa = PBXFileReference; lastKnownFileType = sourcecode.swift; path = SignUpViewController.swift; sourceTree = "<group>"; };
		901CC99B25F4C9CF00B37D8B /* README.md */ = {isa = PBXFileReference; lastKnownFileType = net.daringfireball.markdown; path = README.md; sourceTree = "<group>"; };
		9021174425E1549800557E05 /* ChatRoom.storyboard */ = {isa = PBXFileReference; lastKnownFileType = file.storyboard; path = ChatRoom.storyboard; sourceTree = "<group>"; };
		9021174925E1554C00557E05 /* ChatRoomViewControllers.swift */ = {isa = PBXFileReference; lastKnownFileType = sourcecode.swift; path = ChatRoomViewControllers.swift; sourceTree = "<group>"; };
		9021174E25E15B3D00557E05 /* ChatRoomTableViewCell.xib */ = {isa = PBXFileReference; lastKnownFileType = file.xib; path = ChatRoomTableViewCell.xib; sourceTree = "<group>"; };
		9021175625E15D8700557E05 /* ChatRoomTableViewCell.swift */ = {isa = PBXFileReference; lastKnownFileType = sourcecode.swift; path = ChatRoomTableViewCell.swift; sourceTree = "<group>"; };
		9021176325E21A7C00557E05 /* ChatInputAccessoryView.xib */ = {isa = PBXFileReference; lastKnownFileType = file.xib; path = ChatInputAccessoryView.xib; sourceTree = "<group>"; };
		9021176E25E21C8200557E05 /* ChatInputAccessoryView.swift */ = {isa = PBXFileReference; lastKnownFileType = sourcecode.swift; path = ChatInputAccessoryView.swift; sourceTree = "<group>"; };
		9029147125F03240002666B4 /* ChatRoom.swift */ = {isa = PBXFileReference; lastKnownFileType = sourcecode.swift; path = ChatRoom.swift; sourceTree = "<group>"; };
		9031494F25E306210091A6E6 /* SignUp.storyboard */ = {isa = PBXFileReference; lastKnownFileType = file.storyboard; path = SignUp.storyboard; sourceTree = "<group>"; };
		9031A43625ED9BB4007E5CB9 /* TopViewController.swift */ = {isa = PBXFileReference; lastKnownFileType = sourcecode.swift; path = TopViewController.swift; sourceTree = "<group>"; };
		903565FC25DDBFDA00513BDD /* LainChat.app */ = {isa = PBXFileReference; explicitFileType = wrapper.application; includeInIndex = 0; path = LainChat.app; sourceTree = BUILT_PRODUCTS_DIR; };
		903565FF25DDBFDA00513BDD /* AppDelegate.swift */ = {isa = PBXFileReference; lastKnownFileType = sourcecode.swift; path = AppDelegate.swift; sourceTree = "<group>"; };
		9035660125DDBFDA00513BDD /* SceneDelegate.swift */ = {isa = PBXFileReference; lastKnownFileType = sourcecode.swift; path = SceneDelegate.swift; sourceTree = "<group>"; };
		9035660825DDBFDA00513BDD /* Assets.xcassets */ = {isa = PBXFileReference; lastKnownFileType = folder.assetcatalog; path = Assets.xcassets; sourceTree = "<group>"; };
		9035660B25DDBFDA00513BDD /* Base */ = {isa = PBXFileReference; lastKnownFileType = file.storyboard; name = Base; path = Base.lproj/LaunchScreen.storyboard; sourceTree = "<group>"; };
		9035660D25DDBFDA00513BDD /* Info.plist */ = {isa = PBXFileReference; lastKnownFileType = text.plist.xml; path = Info.plist; sourceTree = "<group>"; };
		9035661225DDBFDA00513BDD /* LainChatTests.xctest */ = {isa = PBXFileReference; explicitFileType = wrapper.cfbundle; includeInIndex = 0; path = LainChatTests.xctest; sourceTree = BUILT_PRODUCTS_DIR; };
		9035661625DDBFDA00513BDD /* LainChatTests.swift */ = {isa = PBXFileReference; lastKnownFileType = sourcecode.swift; path = LainChatTests.swift; sourceTree = "<group>"; };
		9035661825DDBFDA00513BDD /* Info.plist */ = {isa = PBXFileReference; lastKnownFileType = text.plist.xml; path = Info.plist; sourceTree = "<group>"; };
		9035661D25DDBFDA00513BDD /* LainChatUITests.xctest */ = {isa = PBXFileReference; explicitFileType = wrapper.cfbundle; includeInIndex = 0; path = LainChatUITests.xctest; sourceTree = BUILT_PRODUCTS_DIR; };
		9035662125DDBFDA00513BDD /* LainChatUITests.swift */ = {isa = PBXFileReference; lastKnownFileType = sourcecode.swift; path = LainChatUITests.swift; sourceTree = "<group>"; };
		9035662325DDBFDA00513BDD /* Info.plist */ = {isa = PBXFileReference; lastKnownFileType = text.plist.xml; path = Info.plist; sourceTree = "<group>"; };
		9035663225DDC06E00513BDD /* ChatList.storyboard */ = {isa = PBXFileReference; lastKnownFileType = file.storyboard; path = ChatList.storyboard; sourceTree = "<group>"; };
		9035663A25DDC1A700513BDD /* ChatListViewController.swift */ = {isa = PBXFileReference; lastKnownFileType = sourcecode.swift; path = ChatListViewController.swift; sourceTree = "<group>"; };
		9069501D25E855FF001B0D39 /* User.swift */ = {isa = PBXFileReference; lastKnownFileType = sourcecode.swift; path = User.swift; sourceTree = "<group>"; };
		9076120925F93A52008CDF99 /* Top.storyboard */ = {isa = PBXFileReference; fileEncoding = 4; lastKnownFileType = file.storyboard; path = Top.storyboard; sourceTree = "<group>"; };
		90A6F5C525F3524800B4CBFA /* MyStyle.swift */ = {isa = PBXFileReference; lastKnownFileType = sourcecode.swift; path = MyStyle.swift; sourceTree = "<group>"; };
		90C5E53DDA90147E78011B87 /* Pods-LainChatTests.debug.xcconfig */ = {isa = PBXFileReference; includeInIndex = 1; lastKnownFileType = text.xcconfig; name = "Pods-LainChatTests.debug.xcconfig"; path = "Target Support Files/Pods-LainChatTests/Pods-LainChatTests.debug.xcconfig"; sourceTree = "<group>"; };
		90CE789825E2727000F6B1E3 /* GoogleService-Info.plist */ = {isa = PBXFileReference; fileEncoding = 4; lastKnownFileType = text.plist.xml; path = "GoogleService-Info.plist"; sourceTree = "<group>"; };
		90E295A225EAEA2D003E0BF4 /* Message.swift */ = {isa = PBXFileReference; lastKnownFileType = sourcecode.swift; path = Message.swift; sourceTree = "<group>"; };
		942BD7D9A64785E3758778CA /* Pods-LainChat.debug.xcconfig */ = {isa = PBXFileReference; includeInIndex = 1; lastKnownFileType = text.xcconfig; name = "Pods-LainChat.debug.xcconfig"; path = "Target Support Files/Pods-LainChat/Pods-LainChat.debug.xcconfig"; sourceTree = "<group>"; };
		95D9DD9F0002B0138F5F1A89 /* Pods_LainChat.framework */ = {isa = PBXFileReference; explicitFileType = wrapper.framework; includeInIndex = 0; path = Pods_LainChat.framework; sourceTree = BUILT_PRODUCTS_DIR; };
		B019E65D56E8DA09D53DD1C7 /* Pods-LainChat-LainChatUITests.debug.xcconfig */ = {isa = PBXFileReference; includeInIndex = 1; lastKnownFileType = text.xcconfig; name = "Pods-LainChat-LainChatUITests.debug.xcconfig"; path = "Target Support Files/Pods-LainChat-LainChatUITests/Pods-LainChat-LainChatUITests.debug.xcconfig"; sourceTree = "<group>"; };
		BB1A04BBD798CF8654045D2E /* Pods-LainChat.release.xcconfig */ = {isa = PBXFileReference; includeInIndex = 1; lastKnownFileType = text.xcconfig; name = "Pods-LainChat.release.xcconfig"; path = "Target Support Files/Pods-LainChat/Pods-LainChat.release.xcconfig"; sourceTree = "<group>"; };
/* End PBXFileReference section */

/* Begin PBXFrameworksBuildPhase section */
		903565F925DDBFDA00513BDD /* Frameworks */ = {
			isa = PBXFrameworksBuildPhase;
			buildActionMask = 2147483647;
			files = (
				5B67CD80B547AA83FF18E9B6 /* Pods_LainChat.framework in Frameworks */,
			);
			runOnlyForDeploymentPostprocessing = 0;
		};
		9035660F25DDBFDA00513BDD /* Frameworks */ = {
			isa = PBXFrameworksBuildPhase;
			buildActionMask = 2147483647;
			files = (
				9548B3A51633BA36395C5D7E /* Pods_LainChatTests.framework in Frameworks */,
			);
			runOnlyForDeploymentPostprocessing = 0;
		};
		9035661A25DDBFDA00513BDD /* Frameworks */ = {
			isa = PBXFrameworksBuildPhase;
			buildActionMask = 2147483647;
			files = (
				EF875554DCCD5BA9CE4F7D91 /* Pods_LainChat_LainChatUITests.framework in Frameworks */,
			);
			runOnlyForDeploymentPostprocessing = 0;
		};
/* End PBXFrameworksBuildPhase section */

/* Begin PBXGroup section */
		38EA3CCF277972EBD23CC685 /* Pods */ = {
			isa = PBXGroup;
			children = (
				942BD7D9A64785E3758778CA /* Pods-LainChat.debug.xcconfig */,
				BB1A04BBD798CF8654045D2E /* Pods-LainChat.release.xcconfig */,
				B019E65D56E8DA09D53DD1C7 /* Pods-LainChat-LainChatUITests.debug.xcconfig */,
				1A02D5EF81DA838AF51A4424 /* Pods-LainChat-LainChatUITests.release.xcconfig */,
				90C5E53DDA90147E78011B87 /* Pods-LainChatTests.debug.xcconfig */,
				413B9E90197D922A7E8FD02A /* Pods-LainChatTests.release.xcconfig */,
			);
			path = Pods;
			sourceTree = "<group>";
		};
		9021173F25E1498100557E05 /* Controllers */ = {
			isa = PBXGroup;
			children = (
				9035663A25DDC1A700513BDD /* ChatListViewController.swift */,
				9021174925E1554C00557E05 /* ChatRoomViewControllers.swift */,
				9019415025E30DC500BD9988 /* SignUpViewController.swift */,
				9031A43625ED9BB4007E5CB9 /* TopViewController.swift */,
			);
			path = Controllers;
			sourceTree = "<group>";
		};
		9021174025E149B800557E05 /* StoryBoards */ = {
			isa = PBXGroup;
			children = (
				9035663225DDC06E00513BDD /* ChatList.storyboard */,
				9021174425E1549800557E05 /* ChatRoom.storyboard */,
				9031494F25E306210091A6E6 /* SignUp.storyboard */,
				9076120925F93A52008CDF99 /* Top.storyboard */,
			);
			path = StoryBoards;
			sourceTree = "<group>";
		};
		9021176125E219BA00557E05 /* Xibs */ = {
			isa = PBXGroup;
			children = (
				9021174E25E15B3D00557E05 /* ChatRoomTableViewCell.xib */,
				9021176325E21A7C00557E05 /* ChatInputAccessoryView.xib */,
			);
			path = Xibs;
			sourceTree = "<group>";
		};
		9021176225E219E000557E05 /* Views */ = {
			isa = PBXGroup;
			children = (
				9021175625E15D8700557E05 /* ChatRoomTableViewCell.swift */,
				9021176E25E21C8200557E05 /* ChatInputAccessoryView.swift */,
			);
			path = Views;
			sourceTree = "<group>";
		};
		903565F325DDBFDA00513BDD = {
			isa = PBXGroup;
			children = (
				903565FE25DDBFDA00513BDD /* LainChat */,
				9035661525DDBFDA00513BDD /* LainChatTests */,
				9035662025DDBFDA00513BDD /* LainChatUITests */,
				903565FD25DDBFDA00513BDD /* Products */,
				38EA3CCF277972EBD23CC685 /* Pods */,
				B40407678691A65664091DB5 /* Frameworks */,
			);
			sourceTree = "<group>";
		};
		903565FD25DDBFDA00513BDD /* Products */ = {
			isa = PBXGroup;
			children = (
				903565FC25DDBFDA00513BDD /* LainChat.app */,
				9035661225DDBFDA00513BDD /* LainChatTests.xctest */,
				9035661D25DDBFDA00513BDD /* LainChatUITests.xctest */,
			);
			name = Products;
			sourceTree = "<group>";
		};
		903565FE25DDBFDA00513BDD /* LainChat */ = {
			isa = PBXGroup;
			children = (
				9069501C25E855B1001B0D39 /* Models */,
				9021176225E219E000557E05 /* Views */,
				9021176125E219BA00557E05 /* Xibs */,
				9021174025E149B800557E05 /* StoryBoards */,
				9021173F25E1498100557E05 /* Controllers */,
				903565FF25DDBFDA00513BDD /* AppDelegate.swift */,
				901CC99B25F4C9CF00B37D8B /* README.md */,
				90A6F5C525F3524800B4CBFA /* MyStyle.swift */,
				9035660125DDBFDA00513BDD /* SceneDelegate.swift */,
				9035660825DDBFDA00513BDD /* Assets.xcassets */,
				9035660A25DDBFDA00513BDD /* LaunchScreen.storyboard */,
				9035660D25DDBFDA00513BDD /* Info.plist */,
				90CE789825E2727000F6B1E3 /* GoogleService-Info.plist */,
			);
			path = LainChat;
			sourceTree = "<group>";
		};
		9035661525DDBFDA00513BDD /* LainChatTests */ = {
			isa = PBXGroup;
			children = (
				9035661625DDBFDA00513BDD /* LainChatTests.swift */,
				9035661825DDBFDA00513BDD /* Info.plist */,
			);
			path = LainChatTests;
			sourceTree = "<group>";
		};
		9035662025DDBFDA00513BDD /* LainChatUITests */ = {
			isa = PBXGroup;
			children = (
				9035662125DDBFDA00513BDD /* LainChatUITests.swift */,
				9035662325DDBFDA00513BDD /* Info.plist */,
			);
			path = LainChatUITests;
			sourceTree = "<group>";
		};
		9069501C25E855B1001B0D39 /* Models */ = {
			isa = PBXGroup;
			children = (
				9069501D25E855FF001B0D39 /* User.swift */,
				90E295A225EAEA2D003E0BF4 /* Message.swift */,
				9029147125F03240002666B4 /* ChatRoom.swift */,
			);
			path = Models;
			sourceTree = "<group>";
		};
		B40407678691A65664091DB5 /* Frameworks */ = {
			isa = PBXGroup;
			children = (
				95D9DD9F0002B0138F5F1A89 /* Pods_LainChat.framework */,
				5CA16E9A9E0974370CEA4509 /* Pods_LainChat_LainChatUITests.framework */,
				6989FA8D6E2D76E373373C19 /* Pods_LainChatTests.framework */,
			);
			name = Frameworks;
			sourceTree = "<group>";
		};
/* End PBXGroup section */

/* Begin PBXNativeTarget section */
		903565FB25DDBFDA00513BDD /* LainChat */ = {
			isa = PBXNativeTarget;
			buildConfigurationList = 9035662625DDBFDA00513BDD /* Build configuration list for PBXNativeTarget "LainChat" */;
			buildPhases = (
				9551F63D43B033E36720F2BA /* [CP] Check Pods Manifest.lock */,
				903565F825DDBFDA00513BDD /* Sources */,
				903565F925DDBFDA00513BDD /* Frameworks */,
				903565FA25DDBFDA00513BDD /* Resources */,
				CBF2A96F65271336488EA6E3 /* [CP] Embed Pods Frameworks */,
			);
			buildRules = (
			);
			dependencies = (
			);
			name = LainChat;
			productName = LainChat;
			productReference = 903565FC25DDBFDA00513BDD /* LainChat.app */;
			productType = "com.apple.product-type.application";
		};
		9035661125DDBFDA00513BDD /* LainChatTests */ = {
			isa = PBXNativeTarget;
			buildConfigurationList = 9035662925DDBFDA00513BDD /* Build configuration list for PBXNativeTarget "LainChatTests" */;
			buildPhases = (
				22229F887D0ECD47396B5F05 /* [CP] Check Pods Manifest.lock */,
				9035660E25DDBFDA00513BDD /* Sources */,
				9035660F25DDBFDA00513BDD /* Frameworks */,
				9035661025DDBFDA00513BDD /* Resources */,
			);
			buildRules = (
			);
			dependencies = (
				9035661425DDBFDA00513BDD /* PBXTargetDependency */,
			);
			name = LainChatTests;
			productName = LainChatTests;
			productReference = 9035661225DDBFDA00513BDD /* LainChatTests.xctest */;
			productType = "com.apple.product-type.bundle.unit-test";
		};
		9035661C25DDBFDA00513BDD /* LainChatUITests */ = {
			isa = PBXNativeTarget;
			buildConfigurationList = 9035662C25DDBFDA00513BDD /* Build configuration list for PBXNativeTarget "LainChatUITests" */;
			buildPhases = (
				859DC4C26CE426C886D75876 /* [CP] Check Pods Manifest.lock */,
				9035661925DDBFDA00513BDD /* Sources */,
				9035661A25DDBFDA00513BDD /* Frameworks */,
				9035661B25DDBFDA00513BDD /* Resources */,
				2F6BC972A7358748EE8FC1F3 /* [CP] Embed Pods Frameworks */,
			);
			buildRules = (
			);
			dependencies = (
				9035661F25DDBFDA00513BDD /* PBXTargetDependency */,
			);
			name = LainChatUITests;
			productName = LainChatUITests;
			productReference = 9035661D25DDBFDA00513BDD /* LainChatUITests.xctest */;
			productType = "com.apple.product-type.bundle.ui-testing";
		};
/* End PBXNativeTarget section */

/* Begin PBXProject section */
		903565F425DDBFDA00513BDD /* Project object */ = {
			isa = PBXProject;
			attributes = {
				LastSwiftUpdateCheck = 1240;
				LastUpgradeCheck = 1240;
				TargetAttributes = {
					903565FB25DDBFDA00513BDD = {
						CreatedOnToolsVersion = 12.4;
					};
					9035661125DDBFDA00513BDD = {
						CreatedOnToolsVersion = 12.4;
						TestTargetID = 903565FB25DDBFDA00513BDD;
					};
					9035661C25DDBFDA00513BDD = {
						CreatedOnToolsVersion = 12.4;
						TestTargetID = 903565FB25DDBFDA00513BDD;
					};
				};
			};
			buildConfigurationList = 903565F725DDBFDA00513BDD /* Build configuration list for PBXProject "LainChat" */;
			compatibilityVersion = "Xcode 9.3";
			developmentRegion = en;
			hasScannedForEncodings = 0;
			knownRegions = (
				en,
				Base,
			);
			mainGroup = 903565F325DDBFDA00513BDD;
			productRefGroup = 903565FD25DDBFDA00513BDD /* Products */;
			projectDirPath = "";
			projectRoot = "";
			targets = (
				903565FB25DDBFDA00513BDD /* LainChat */,
				9035661125DDBFDA00513BDD /* LainChatTests */,
				9035661C25DDBFDA00513BDD /* LainChatUITests */,
			);
		};
/* End PBXProject section */

/* Begin PBXResourcesBuildPhase section */
		903565FA25DDBFDA00513BDD /* Resources */ = {
			isa = PBXResourcesBuildPhase;
			buildActionMask = 2147483647;
			files = (
				9021176425E21A7C00557E05 /* ChatInputAccessoryView.xib in Resources */,
				9021174F25E15B3D00557E05 /* ChatRoomTableViewCell.xib in Resources */,
				9076120A25F93A52008CDF99 /* Top.storyboard in Resources */,
				9035660C25DDBFDA00513BDD /* LaunchScreen.storyboard in Resources */,
				9035660925DDBFDA00513BDD /* Assets.xcassets in Resources */,
				90CE789925E2727000F6B1E3 /* GoogleService-Info.plist in Resources */,
				9035663325DDC06E00513BDD /* ChatList.storyboard in Resources */,
				9031495025E306210091A6E6 /* SignUp.storyboard in Resources */,
				9021174525E1549800557E05 /* ChatRoom.storyboard in Resources */,
			);
			runOnlyForDeploymentPostprocessing = 0;
		};
		9035661025DDBFDA00513BDD /* Resources */ = {
			isa = PBXResourcesBuildPhase;
			buildActionMask = 2147483647;
			files = (
			);
			runOnlyForDeploymentPostprocessing = 0;
		};
		9035661B25DDBFDA00513BDD /* Resources */ = {
			isa = PBXResourcesBuildPhase;
			buildActionMask = 2147483647;
			files = (
			);
			runOnlyForDeploymentPostprocessing = 0;
		};
/* End PBXResourcesBuildPhase section */

/* Begin PBXShellScriptBuildPhase section */
		22229F887D0ECD47396B5F05 /* [CP] Check Pods Manifest.lock */ = {
			isa = PBXShellScriptBuildPhase;
			buildActionMask = 2147483647;
			files = (
			);
			inputFileListPaths = (
			);
			inputPaths = (
				"${PODS_PODFILE_DIR_PATH}/Podfile.lock",
				"${PODS_ROOT}/Manifest.lock",
			);
			name = "[CP] Check Pods Manifest.lock";
			outputFileListPaths = (
			);
			outputPaths = (
				"$(DERIVED_FILE_DIR)/Pods-LainChatTests-checkManifestLockResult.txt",
			);
			runOnlyForDeploymentPostprocessing = 0;
			shellPath = /bin/sh;
			shellScript = "diff \"${PODS_PODFILE_DIR_PATH}/Podfile.lock\" \"${PODS_ROOT}/Manifest.lock\" > /dev/null\nif [ $? != 0 ] ; then\n    # print error to STDERR\n    echo \"error: The sandbox is not in sync with the Podfile.lock. Run 'pod install' or update your CocoaPods installation.\" >&2\n    exit 1\nfi\n# This output is used by Xcode 'outputs' to avoid re-running this script phase.\necho \"SUCCESS\" > \"${SCRIPT_OUTPUT_FILE_0}\"\n";
			showEnvVarsInLog = 0;
		};
		2F6BC972A7358748EE8FC1F3 /* [CP] Embed Pods Frameworks */ = {
			isa = PBXShellScriptBuildPhase;
			buildActionMask = 2147483647;
			files = (
			);
			inputFileListPaths = (
				"${PODS_ROOT}/Target Support Files/Pods-LainChat-LainChatUITests/Pods-LainChat-LainChatUITests-frameworks-${CONFIGURATION}-input-files.xcfilelist",
			);
			name = "[CP] Embed Pods Frameworks";
			outputFileListPaths = (
				"${PODS_ROOT}/Target Support Files/Pods-LainChat-LainChatUITests/Pods-LainChat-LainChatUITests-frameworks-${CONFIGURATION}-output-files.xcfilelist",
			);
			runOnlyForDeploymentPostprocessing = 0;
			shellPath = /bin/sh;
			shellScript = "\"${PODS_ROOT}/Target Support Files/Pods-LainChat-LainChatUITests/Pods-LainChat-LainChatUITests-frameworks.sh\"\n";
			showEnvVarsInLog = 0;
		};
		859DC4C26CE426C886D75876 /* [CP] Check Pods Manifest.lock */ = {
			isa = PBXShellScriptBuildPhase;
			buildActionMask = 2147483647;
			files = (
			);
			inputFileListPaths = (
			);
			inputPaths = (
				"${PODS_PODFILE_DIR_PATH}/Podfile.lock",
				"${PODS_ROOT}/Manifest.lock",
			);
			name = "[CP] Check Pods Manifest.lock";
			outputFileListPaths = (
			);
			outputPaths = (
				"$(DERIVED_FILE_DIR)/Pods-LainChat-LainChatUITests-checkManifestLockResult.txt",
			);
			runOnlyForDeploymentPostprocessing = 0;
			shellPath = /bin/sh;
			shellScript = "diff \"${PODS_PODFILE_DIR_PATH}/Podfile.lock\" \"${PODS_ROOT}/Manifest.lock\" > /dev/null\nif [ $? != 0 ] ; then\n    # print error to STDERR\n    echo \"error: The sandbox is not in sync with the Podfile.lock. Run 'pod install' or update your CocoaPods installation.\" >&2\n    exit 1\nfi\n# This output is used by Xcode 'outputs' to avoid re-running this script phase.\necho \"SUCCESS\" > \"${SCRIPT_OUTPUT_FILE_0}\"\n";
			showEnvVarsInLog = 0;
		};
		9551F63D43B033E36720F2BA /* [CP] Check Pods Manifest.lock */ = {
			isa = PBXShellScriptBuildPhase;
			buildActionMask = 2147483647;
			files = (
			);
			inputFileListPaths = (
			);
			inputPaths = (
				"${PODS_PODFILE_DIR_PATH}/Podfile.lock",
				"${PODS_ROOT}/Manifest.lock",
			);
			name = "[CP] Check Pods Manifest.lock";
			outputFileListPaths = (
			);
			outputPaths = (
				"$(DERIVED_FILE_DIR)/Pods-LainChat-checkManifestLockResult.txt",
			);
			runOnlyForDeploymentPostprocessing = 0;
			shellPath = /bin/sh;
			shellScript = "diff \"${PODS_PODFILE_DIR_PATH}/Podfile.lock\" \"${PODS_ROOT}/Manifest.lock\" > /dev/null\nif [ $? != 0 ] ; then\n    # print error to STDERR\n    echo \"error: The sandbox is not in sync with the Podfile.lock. Run 'pod install' or update your CocoaPods installation.\" >&2\n    exit 1\nfi\n# This output is used by Xcode 'outputs' to avoid re-running this script phase.\necho \"SUCCESS\" > \"${SCRIPT_OUTPUT_FILE_0}\"\n";
			showEnvVarsInLog = 0;
		};
		CBF2A96F65271336488EA6E3 /* [CP] Embed Pods Frameworks */ = {
			isa = PBXShellScriptBuildPhase;
			buildActionMask = 2147483647;
			files = (
			);
			inputFileListPaths = (
				"${PODS_ROOT}/Target Support Files/Pods-LainChat/Pods-LainChat-frameworks-${CONFIGURATION}-input-files.xcfilelist",
			);
			name = "[CP] Embed Pods Frameworks";
			outputFileListPaths = (
				"${PODS_ROOT}/Target Support Files/Pods-LainChat/Pods-LainChat-frameworks-${CONFIGURATION}-output-files.xcfilelist",
			);
			runOnlyForDeploymentPostprocessing = 0;
			shellPath = /bin/sh;
			shellScript = "\"${PODS_ROOT}/Target Support Files/Pods-LainChat/Pods-LainChat-frameworks.sh\"\n";
			showEnvVarsInLog = 0;
		};
/* End PBXShellScriptBuildPhase section */

/* Begin PBXSourcesBuildPhase section */
		903565F825DDBFDA00513BDD /* Sources */ = {
			isa = PBXSourcesBuildPhase;
			buildActionMask = 2147483647;
			files = (
				9035660025DDBFDA00513BDD /* AppDelegate.swift in Sources */,
				9019415125E30DC500BD9988 /* SignUpViewController.swift in Sources */,
				9035663B25DDC1A700513BDD /* ChatListViewController.swift in Sources */,
				90E295A325EAEA2D003E0BF4 /* Message.swift in Sources */,
				9031A43725ED9BB4007E5CB9 /* TopViewController.swift in Sources */,
				9035660225DDBFDA00513BDD /* SceneDelegate.swift in Sources */,
				9069501E25E855FF001B0D39 /* User.swift in Sources */,
				9021175725E15D8700557E05 /* ChatRoomTableViewCell.swift in Sources */,
				9021176F25E21C8200557E05 /* ChatInputAccessoryView.swift in Sources */,
				9021174A25E1554C00557E05 /* ChatRoomViewControllers.swift in Sources */,
				9029147225F03240002666B4 /* ChatRoom.swift in Sources */,
				90A6F5C625F3524800B4CBFA /* MyStyle.swift in Sources */,
			);
			runOnlyForDeploymentPostprocessing = 0;
		};
		9035660E25DDBFDA00513BDD /* Sources */ = {
			isa = PBXSourcesBuildPhase;
			buildActionMask = 2147483647;
			files = (
				9035661725DDBFDA00513BDD /* LainChatTests.swift in Sources */,
			);
			runOnlyForDeploymentPostprocessing = 0;
		};
		9035661925DDBFDA00513BDD /* Sources */ = {
			isa = PBXSourcesBuildPhase;
			buildActionMask = 2147483647;
			files = (
				9035662225DDBFDA00513BDD /* LainChatUITests.swift in Sources */,
			);
			runOnlyForDeploymentPostprocessing = 0;
		};
/* End PBXSourcesBuildPhase section */

/* Begin PBXTargetDependency section */
		9035661425DDBFDA00513BDD /* PBXTargetDependency */ = {
			isa = PBXTargetDependency;
			target = 903565FB25DDBFDA00513BDD /* LainChat */;
			targetProxy = 9035661325DDBFDA00513BDD /* PBXContainerItemProxy */;
		};
		9035661F25DDBFDA00513BDD /* PBXTargetDependency */ = {
			isa = PBXTargetDependency;
			target = 903565FB25DDBFDA00513BDD /* LainChat */;
			targetProxy = 9035661E25DDBFDA00513BDD /* PBXContainerItemProxy */;
		};
/* End PBXTargetDependency section */

/* Begin PBXVariantGroup section */
		9035660A25DDBFDA00513BDD /* LaunchScreen.storyboard */ = {
			isa = PBXVariantGroup;
			children = (
				9035660B25DDBFDA00513BDD /* Base */,
			);
			name = LaunchScreen.storyboard;
			sourceTree = "<group>";
		};
/* End PBXVariantGroup section */

/* Begin XCBuildConfiguration section */
		9035662425DDBFDA00513BDD /* Debug */ = {
			isa = XCBuildConfiguration;
			buildSettings = {
				ALWAYS_SEARCH_USER_PATHS = NO;
				CLANG_ANALYZER_NONNULL = YES;
				CLANG_ANALYZER_NUMBER_OBJECT_CONVERSION = YES_AGGRESSIVE;
				CLANG_CXX_LANGUAGE_STANDARD = "gnu++14";
				CLANG_CXX_LIBRARY = "libc++";
				CLANG_ENABLE_MODULES = YES;
				CLANG_ENABLE_OBJC_ARC = YES;
				CLANG_ENABLE_OBJC_WEAK = YES;
				CLANG_WARN_BLOCK_CAPTURE_AUTORELEASING = YES;
				CLANG_WARN_BOOL_CONVERSION = YES;
				CLANG_WARN_COMMA = YES;
				CLANG_WARN_CONSTANT_CONVERSION = YES;
				CLANG_WARN_DEPRECATED_OBJC_IMPLEMENTATIONS = YES;
				CLANG_WARN_DIRECT_OBJC_ISA_USAGE = YES_ERROR;
				CLANG_WARN_DOCUMENTATION_COMMENTS = YES;
				CLANG_WARN_EMPTY_BODY = YES;
				CLANG_WARN_ENUM_CONVERSION = YES;
				CLANG_WARN_INFINITE_RECURSION = YES;
				CLANG_WARN_INT_CONVERSION = YES;
				CLANG_WARN_NON_LITERAL_NULL_CONVERSION = YES;
				CLANG_WARN_OBJC_IMPLICIT_RETAIN_SELF = YES;
				CLANG_WARN_OBJC_LITERAL_CONVERSION = YES;
				CLANG_WARN_OBJC_ROOT_CLASS = YES_ERROR;
				CLANG_WARN_QUOTED_INCLUDE_IN_FRAMEWORK_HEADER = YES;
				CLANG_WARN_RANGE_LOOP_ANALYSIS = YES;
				CLANG_WARN_STRICT_PROTOTYPES = YES;
				CLANG_WARN_SUSPICIOUS_MOVE = YES;
				CLANG_WARN_UNGUARDED_AVAILABILITY = YES_AGGRESSIVE;
				CLANG_WARN_UNREACHABLE_CODE = YES;
				CLANG_WARN__DUPLICATE_METHOD_MATCH = YES;
				COPY_PHASE_STRIP = NO;
				DEBUG_INFORMATION_FORMAT = dwarf;
				ENABLE_STRICT_OBJC_MSGSEND = YES;
				ENABLE_TESTABILITY = YES;
				GCC_C_LANGUAGE_STANDARD = gnu11;
				GCC_DYNAMIC_NO_PIC = NO;
				GCC_NO_COMMON_BLOCKS = YES;
				GCC_OPTIMIZATION_LEVEL = 0;
				GCC_PREPROCESSOR_DEFINITIONS = (
					"DEBUG=1",
					"$(inherited)",
				);
				GCC_WARN_64_TO_32_BIT_CONVERSION = YES;
				GCC_WARN_ABOUT_RETURN_TYPE = YES_ERROR;
				GCC_WARN_UNDECLARED_SELECTOR = YES;
				GCC_WARN_UNINITIALIZED_AUTOS = YES_AGGRESSIVE;
				GCC_WARN_UNUSED_FUNCTION = YES;
				GCC_WARN_UNUSED_VARIABLE = YES;
				IPHONEOS_DEPLOYMENT_TARGET = 14.4;
				MTL_ENABLE_DEBUG_INFO = INCLUDE_SOURCE;
				MTL_FAST_MATH = YES;
				ONLY_ACTIVE_ARCH = YES;
				SDKROOT = iphoneos;
				SWIFT_ACTIVE_COMPILATION_CONDITIONS = DEBUG;
				SWIFT_OPTIMIZATION_LEVEL = "-Onone";
			};
			name = Debug;
		};
		9035662525DDBFDA00513BDD /* Release */ = {
			isa = XCBuildConfiguration;
			buildSettings = {
				ALWAYS_SEARCH_USER_PATHS = NO;
				CLANG_ANALYZER_NONNULL = YES;
				CLANG_ANALYZER_NUMBER_OBJECT_CONVERSION = YES_AGGRESSIVE;
				CLANG_CXX_LANGUAGE_STANDARD = "gnu++14";
				CLANG_CXX_LIBRARY = "libc++";
				CLANG_ENABLE_MODULES = YES;
				CLANG_ENABLE_OBJC_ARC = YES;
				CLANG_ENABLE_OBJC_WEAK = YES;
				CLANG_WARN_BLOCK_CAPTURE_AUTORELEASING = YES;
				CLANG_WARN_BOOL_CONVERSION = YES;
				CLANG_WARN_COMMA = YES;
				CLANG_WARN_CONSTANT_CONVERSION = YES;
				CLANG_WARN_DEPRECATED_OBJC_IMPLEMENTATIONS = YES;
				CLANG_WARN_DIRECT_OBJC_ISA_USAGE = YES_ERROR;
				CLANG_WARN_DOCUMENTATION_COMMENTS = YES;
				CLANG_WARN_EMPTY_BODY = YES;
				CLANG_WARN_ENUM_CONVERSION = YES;
				CLANG_WARN_INFINITE_RECURSION = YES;
				CLANG_WARN_INT_CONVERSION = YES;
				CLANG_WARN_NON_LITERAL_NULL_CONVERSION = YES;
				CLANG_WARN_OBJC_IMPLICIT_RETAIN_SELF = YES;
				CLANG_WARN_OBJC_LITERAL_CONVERSION = YES;
				CLANG_WARN_OBJC_ROOT_CLASS = YES_ERROR;
				CLANG_WARN_QUOTED_INCLUDE_IN_FRAMEWORK_HEADER = YES;
				CLANG_WARN_RANGE_LOOP_ANALYSIS = YES;
				CLANG_WARN_STRICT_PROTOTYPES = YES;
				CLANG_WARN_SUSPICIOUS_MOVE = YES;
				CLANG_WARN_UNGUARDED_AVAILABILITY = YES_AGGRESSIVE;
				CLANG_WARN_UNREACHABLE_CODE = YES;
				CLANG_WARN__DUPLICATE_METHOD_MATCH = YES;
				COPY_PHASE_STRIP = NO;
				DEBUG_INFORMATION_FORMAT = "dwarf-with-dsym";
				ENABLE_NS_ASSERTIONS = NO;
				ENABLE_STRICT_OBJC_MSGSEND = YES;
				GCC_C_LANGUAGE_STANDARD = gnu11;
				GCC_NO_COMMON_BLOCKS = YES;
				GCC_WARN_64_TO_32_BIT_CONVERSION = YES;
				GCC_WARN_ABOUT_RETURN_TYPE = YES_ERROR;
				GCC_WARN_UNDECLARED_SELECTOR = YES;
				GCC_WARN_UNINITIALIZED_AUTOS = YES_AGGRESSIVE;
				GCC_WARN_UNUSED_FUNCTION = YES;
				GCC_WARN_UNUSED_VARIABLE = YES;
				IPHONEOS_DEPLOYMENT_TARGET = 14.4;
				MTL_ENABLE_DEBUG_INFO = NO;
				MTL_FAST_MATH = YES;
				SDKROOT = iphoneos;
				SWIFT_COMPILATION_MODE = wholemodule;
				SWIFT_OPTIMIZATION_LEVEL = "-O";
				VALIDATE_PRODUCT = YES;
			};
			name = Release;
		};
		9035662725DDBFDA00513BDD /* Debug */ = {
			isa = XCBuildConfiguration;
			baseConfigurationReference = 942BD7D9A64785E3758778CA /* Pods-LainChat.debug.xcconfig */;
			buildSettings = {
				ASSETCATALOG_COMPILER_APPICON_NAME = AppIcon;
				ASSETCATALOG_COMPILER_GLOBAL_ACCENT_COLOR_NAME = AccentColor;
				CODE_SIGN_STYLE = Automatic;
				DEVELOPMENT_TEAM = 4DC68L27F6;
				INFOPLIST_FILE = LainChat/Info.plist;
				LD_RUNPATH_SEARCH_PATHS = (
					"$(inherited)",
					"@executable_path/Frameworks",
				);
				PRODUCT_BUNDLE_IDENTIFIER = Juicy99.LainChat;
				PRODUCT_NAME = "$(TARGET_NAME)";
				SWIFT_VERSION = 5.0;
				TARGETED_DEVICE_FAMILY = "1,2";
			};
			name = Debug;
		};
		9035662825DDBFDA00513BDD /* Release */ = {
			isa = XCBuildConfiguration;
			baseConfigurationReference = BB1A04BBD798CF8654045D2E /* Pods-LainChat.release.xcconfig */;
			buildSettings = {
				ASSETCATALOG_COMPILER_APPICON_NAME = AppIcon;
				ASSETCATALOG_COMPILER_GLOBAL_ACCENT_COLOR_NAME = AccentColor;
				CODE_SIGN_STYLE = Automatic;
				DEVELOPMENT_TEAM = 4DC68L27F6;
				INFOPLIST_FILE = LainChat/Info.plist;
				LD_RUNPATH_SEARCH_PATHS = (
					"$(inherited)",
					"@executable_path/Frameworks",
				);
				PRODUCT_BUNDLE_IDENTIFIER = Juicy99.LainChat;
				PRODUCT_NAME = "$(TARGET_NAME)";
				SWIFT_VERSION = 5.0;
				TARGETED_DEVICE_FAMILY = "1,2";
			};
			name = Release;
		};
		9035662A25DDBFDA00513BDD /* Debug */ = {
			isa = XCBuildConfiguration;
			baseConfigurationReference = 90C5E53DDA90147E78011B87 /* Pods-LainChatTests.debug.xcconfig */;
			buildSettings = {
				ALWAYS_EMBED_SWIFT_STANDARD_LIBRARIES = YES;
				BUNDLE_LOADER = "$(TEST_HOST)";
				CODE_SIGN_STYLE = Automatic;
				DEVELOPMENT_TEAM = 4DC68L27F6;
				INFOPLIST_FILE = LainChatTests/Info.plist;
				IPHONEOS_DEPLOYMENT_TARGET = 14.4;
				LD_RUNPATH_SEARCH_PATHS = (
					"$(inherited)",
					"@executable_path/Frameworks",
					"@loader_path/Frameworks",
				);
				PRODUCT_BUNDLE_IDENTIFIER = Juicy99.LainChatTests;
				PRODUCT_NAME = "$(TARGET_NAME)";
				SWIFT_VERSION = 5.0;
				TARGETED_DEVICE_FAMILY = "1,2";
				TEST_HOST = "$(BUILT_PRODUCTS_DIR)/LainChat.app/LainChat";
			};
			name = Debug;
		};
		9035662B25DDBFDA00513BDD /* Release */ = {
			isa = XCBuildConfiguration;
			baseConfigurationReference = 413B9E90197D922A7E8FD02A /* Pods-LainChatTests.release.xcconfig */;
			buildSettings = {
				ALWAYS_EMBED_SWIFT_STANDARD_LIBRARIES = YES;
				BUNDLE_LOADER = "$(TEST_HOST)";
				CODE_SIGN_STYLE = Automatic;
				DEVELOPMENT_TEAM = 4DC68L27F6;
				INFOPLIST_FILE = LainChatTests/Info.plist;
				IPHONEOS_DEPLOYMENT_TARGET = 14.4;
				LD_RUNPATH_SEARCH_PATHS = (
					"$(inherited)",
					"@executable_path/Frameworks",
					"@loader_path/Frameworks",
				);
				PRODUCT_BUNDLE_IDENTIFIER = Juicy99.LainChatTests;
				PRODUCT_NAME = "$(TARGET_NAME)";
				SWIFT_VERSION = 5.0;
				TARGETED_DEVICE_FAMILY = "1,2";
				TEST_HOST = "$(BUILT_PRODUCTS_DIR)/LainChat.app/LainChat";
			};
			name = Release;
		};
		9035662D25DDBFDA00513BDD /* Debug */ = {
			isa = XCBuildConfiguration;
			baseConfigurationReference = B019E65D56E8DA09D53DD1C7 /* Pods-LainChat-LainChatUITests.debug.xcconfig */;
			buildSettings = {
				ALWAYS_EMBED_SWIFT_STANDARD_LIBRARIES = YES;
				CODE_SIGN_STYLE = Automatic;
				DEVELOPMENT_TEAM = 4DC68L27F6;
				INFOPLIST_FILE = LainChatUITests/Info.plist;
				LD_RUNPATH_SEARCH_PATHS = (
					"$(inherited)",
					"@executable_path/Frameworks",
					"@loader_path/Frameworks",
				);
				PRODUCT_BUNDLE_IDENTIFIER = Juicy99.LainChatUITests;
				PRODUCT_NAME = "$(TARGET_NAME)";
				SWIFT_VERSION = 5.0;
				TARGETED_DEVICE_FAMILY = "1,2";
				TEST_TARGET_NAME = LainChat;
			};
			name = Debug;
		};
		9035662E25DDBFDA00513BDD /* Release */ = {
			isa = XCBuildConfiguration;
			baseConfigurationReference = 1A02D5EF81DA838AF51A4424 /* Pods-LainChat-LainChatUITests.release.xcconfig */;
			buildSettings = {
				ALWAYS_EMBED_SWIFT_STANDARD_LIBRARIES = YES;
				CODE_SIGN_STYLE = Automatic;
				DEVELOPMENT_TEAM = 4DC68L27F6;
				INFOPLIST_FILE = LainChatUITests/Info.plist;
				LD_RUNPATH_SEARCH_PATHS = (
					"$(inherited)",
					"@executable_path/Frameworks",
					"@loader_path/Frameworks",
				);
				PRODUCT_BUNDLE_IDENTIFIER = Juicy99.LainChatUITests;
				PRODUCT_NAME = "$(TARGET_NAME)";
				SWIFT_VERSION = 5.0;
				TARGETED_DEVICE_FAMILY = "1,2";
				TEST_TARGET_NAME = LainChat;
			};
			name = Release;
		};
/* End XCBuildConfiguration section */

/* Begin XCConfigurationList section */
		903565F725DDBFDA00513BDD /* Build configuration list for PBXProject "LainChat" */ = {
			isa = XCConfigurationList;
			buildConfigurations = (
				9035662425DDBFDA00513BDD /* Debug */,
				9035662525DDBFDA00513BDD /* Release */,
			);
			defaultConfigurationIsVisible = 0;
			defaultConfigurationName = Release;
		};
		9035662625DDBFDA00513BDD /* Build configuration list for PBXNativeTarget "LainChat" */ = {
			isa = XCConfigurationList;
			buildConfigurations = (
				9035662725DDBFDA00513BDD /* Debug */,
				9035662825DDBFDA00513BDD /* Release */,
			);
			defaultConfigurationIsVisible = 0;
			defaultConfigurationName = Release;
		};
		9035662925DDBFDA00513BDD /* Build configuration list for PBXNativeTarget "LainChatTests" */ = {
			isa = XCConfigurationList;
			buildConfigurations = (
				9035662A25DDBFDA00513BDD /* Debug */,
				9035662B25DDBFDA00513BDD /* Release */,
			);
			defaultConfigurationIsVisible = 0;
			defaultConfigurationName = Release;
		};
		9035662C25DDBFDA00513BDD /* Build configuration list for PBXNativeTarget "LainChatUITests" */ = {
			isa = XCConfigurationList;
			buildConfigurations = (
				9035662D25DDBFDA00513BDD /* Debug */,
				9035662E25DDBFDA00513BDD /* Release */,
			);
			defaultConfigurationIsVisible = 0;
			defaultConfigurationName = Release;
		};
/* End XCConfigurationList section */
	};
	rootObject = 903565F425DDBFDA00513BDD /* Project object */;
}
